{
    "name": "cheshire-charms",
    "version": "0.0.9",
    "lockfileVersion": 3,
    "requires": true,
    "packages": {
        "": {
            "name": "cheshire-charms",
            "version": "0.0.9",
            "engines": {
                "vscode": "^1.96.0"
            }
        }
    }
}
